
Microsoft Visual Studio Solution File, Format Version 12.00
# Visual Studio Version 17
VisualStudioVersion = 17.9.34902.65
MinimumVisualStudioVersion = 10.0.40219.1
Project("{FAE04EC0-301F-11D3-BF4B-00C04F79EFBC}") = "Settings-Backup-Tool", "Settings-Backup-Tool.csproj", "{65701DDF-55E9-43A3-8D86-43FBC5B60DB4}"
EndProject
Global
	GlobalSection(SolutionConfigurationPlatforms) = preSolution
		Debug|Any CPU = Debug|Any CPU
		Release|Any CPU = Release|Any CPU
	EndGlobalSection
	GlobalSection(ProjectConfigurationPlatforms) = postSolution
		{65701DDF-55E9-43A3-8D86-43FBC5B60DB4}.Debug|Any CPU.ActiveCfg = Debug|Any CPU
		{65701DDF-55E9-43A3-8D86-43FBC5B60DB4}.Debug|Any CPU.Build.0 = Debug|Any CPU
		{65701DDF-55E9-43A3-8D86-43FBC5B60DB4}.Release|Any CPU.ActiveCfg = Release|Any CPU
		{65701DDF-55E9-43A3-8D86-43FBC5B60DB4}.Release|Any CPU.Build.0 = Release|Any CPU
	EndGlobalSection
	GlobalSection(SolutionProperties) = preSolution
		HideSolutionNode = FALSE
	EndGlobalSection
	GlobalSection(ExtensibilityGlobals) = postSolution
		SolutionGuid = {1BB09E46-B7BA-4296-A51B-F1858199B24E}
	EndGlobalSection
EndGlobal
